// !$*UTF8*$!
{
	archiveVersion = 1;
	classes = {
	};
	objectVersion = 55;
	objects = {

/* Begin PBXBuildFile section */
		D801A3892844A2DE0074DD3F /* UIFont+AepX.swift in Sources */ = {isa = PBXBuildFile; fileRef = D801A3882844A2DE0074DD3F /* UIFont+AepX.swift */; };
		D80BC3102828B8190048C74F /* LaunchCore.swift in Sources */ = {isa = PBXBuildFile; fileRef = D80BC30F2828B8190048C74F /* LaunchCore.swift */; };
		D80BC3122828FED70048C74F /* PatchesView.swift in Sources */ = {isa = PBXBuildFile; fileRef = D80BC3112828FED70048C74F /* PatchesView.swift */; };
		D80BC330282A6EBD0048C74F /* ParaView.swift in Sources */ = {isa = PBXBuildFile; fileRef = D80BC32F282A6EBD0048C74F /* ParaView.swift */; };
		D80BC332282D378C0048C74F /* CountDownView.swift in Sources */ = {isa = PBXBuildFile; fileRef = D80BC331282D378B0048C74F /* CountDownView.swift */; };
		D81490CF284D8BF70031A1FB /* ResultView.swift in Sources */ = {isa = PBXBuildFile; fileRef = D81490CE284D8BF70031A1FB /* ResultView.swift */; };
		D84B5681285DA1D9008EAB34 /* Booster.swift in Sources */ = {isa = PBXBuildFile; fileRef = D84B5680285DA1D9008EAB34 /* Booster.swift */; };
		D84B5683285DA1E2008EAB34 /* Rocket.swift in Sources */ = {isa = PBXBuildFile; fileRef = D84B5682285DA1E2008EAB34 /* Rocket.swift */; };
		D84B5685285DAABF008EAB34 /* Result.swift in Sources */ = {isa = PBXBuildFile; fileRef = D84B5684285DAABF008EAB34 /* Result.swift */; };
		D84E2D5C2851CD190063823A /* DoneButton.swift in Sources */ = {isa = PBXBuildFile; fileRef = D84E2D5B2851CD190063823A /* DoneButton.swift */; };
		D8551FFF28226D3B00A8D5E8 /* LaunchExpansion.swift in Sources */ = {isa = PBXBuildFile; fileRef = D8551FFE28226D3B00A8D5E8 /* LaunchExpansion.swift */; };
		D85520012823CE1200A8D5E8 /* RocketDetail.swift in Sources */ = {isa = PBXBuildFile; fileRef = D85520002823CE1200A8D5E8 /* RocketDetail.swift */; };
		D85520032823CFB800A8D5E8 /* StatsFace.swift in Sources */ = {isa = PBXBuildFile; fileRef = D85520022823CFB800A8D5E8 /* StatsFace.swift */; };
		D85520052823CFC200A8D5E8 /* YearsFace.swift in Sources */ = {isa = PBXBuildFile; fileRef = D85520042823CFC200A8D5E8 /* YearsFace.swift */; };
		D85520092823CFEE00A8D5E8 /* CreditsFace.swift in Sources */ = {isa = PBXBuildFile; fileRef = D85520082823CFEE00A8D5E8 /* CreditsFace.swift */; };
		D8691737281BA05000D550F2 /* Acheron in Frameworks */ = {isa = PBXBuildFile; productRef = D8691736281BA05000D550F2 /* Acheron */; };
		D869173A281BA14D00D550F2 /* SpaceX.swift in Sources */ = {isa = PBXBuildFile; fileRef = D8691739281BA14D00D550F2 /* SpaceX.swift */; };
		D869173C281BC70600D550F2 /* RootViewController.swift in Sources */ = {isa = PBXBuildFile; fileRef = D869173B281BC70600D550F2 /* RootViewController.swift */; };
		D869173E281BC85E00D550F2 /* LaunchesViewController.swift in Sources */ = {isa = PBXBuildFile; fileRef = D869173D281BC85E00D550F2 /* LaunchesViewController.swift */; };
		D8691740281BC86B00D550F2 /* RocketsViewController.swift in Sources */ = {isa = PBXBuildFile; fileRef = D869173F281BC86B00D550F2 /* RocketsViewController.swift */; };
		D869174E281BECA600D550F2 /* Core.swift in Sources */ = {isa = PBXBuildFile; fileRef = D869174D281BECA600D550F2 /* Core.swift */; };
		D8691753281C289000D550F2 /* RocketCell.swift in Sources */ = {isa = PBXBuildFile; fileRef = D8691752281C289000D550F2 /* RocketCell.swift */; };
		D8691755281C316900D550F2 /* Launch.swift in Sources */ = {isa = PBXBuildFile; fileRef = D8691754281C316900D550F2 /* Launch.swift */; };
		D8691757281C31DF00D550F2 /* LaunchCell.swift in Sources */ = {isa = PBXBuildFile; fileRef = D8691756281C31DF00D550F2 /* LaunchCell.swift */; };
		D869175A281E129000D550F2 /* HomeViewController.swift in Sources */ = {isa = PBXBuildFile; fileRef = D8691759281E129000D550F2 /* HomeViewController.swift */; };
		D869175E281E323C00D550F2 /* Card.swift in Sources */ = {isa = PBXBuildFile; fileRef = D869175D281E323C00D550F2 /* Card.swift */; };
		D869176B281E4BA400D550F2 /* RocketViewController.swift in Sources */ = {isa = PBXBuildFile; fileRef = D869176A281E4BA400D550F2 /* RocketViewController.swift */; };
		D869176D281E997D00D550F2 /* RocketsController.swift in Sources */ = {isa = PBXBuildFile; fileRef = D869176C281E997D00D550F2 /* RocketsController.swift */; };
		D8691771281EA06600D550F2 /* LaunchesController.swift in Sources */ = {isa = PBXBuildFile; fileRef = D8691770281EA06600D550F2 /* LaunchesController.swift */; };
		D8691773281EA07200D550F2 /* RocketController.swift in Sources */ = {isa = PBXBuildFile; fileRef = D8691772281EA07200D550F2 /* RocketController.swift */; };
		D8691775281EA0D300D550F2 /* HomeController.swift in Sources */ = {isa = PBXBuildFile; fileRef = D8691774281EA0D300D550F2 /* HomeController.swift */; };
		D869177E281F4A5500D550F2 /* YouTubeiOSPlayerHelper in Frameworks */ = {isa = PBXBuildFile; productRef = D869177D281F4A5500D550F2 /* YouTubeiOSPlayerHelper */; };
		D8691781281F998A00D550F2 /* UIColor+AepX.swift in Sources */ = {isa = PBXBuildFile; fileRef = D8691780281F998A00D550F2 /* UIColor+AepX.swift */; };
		D8B3467128271AFD003C794B /* BootPond.swift in Sources */ = {isa = PBXBuildFile; fileRef = D8B3467028271AFD003C794B /* BootPond.swift */; };
		D8B3467528277798003C794B /* SpaceXData.swift in Sources */ = {isa = PBXBuildFile; fileRef = D8B3467428277798003C794B /* SpaceXData.swift */; };
		D8C1FB33284449A0001B678C /* LaunchesFooterCell.swift in Sources */ = {isa = PBXBuildFile; fileRef = D8C1FB32284449A0001B678C /* LaunchesFooterCell.swift */; };
		D8C1FB35284449B0001B678C /* RocketsFooterCell.swift in Sources */ = {isa = PBXBuildFile; fileRef = D8C1FB34284449B0001B678C /* RocketsFooterCell.swift */; };
		D8CA3B692830DE17009E0CA8 /* LaunchesFilterView.swift in Sources */ = {isa = PBXBuildFile; fileRef = D8CA3B682830DE17009E0CA8 /* LaunchesFilterView.swift */; };
		D8CA3B6B2830DE2C009E0CA8 /* RocketsFilterView.swift in Sources */ = {isa = PBXBuildFile; fileRef = D8CA3B6A2830DE2C009E0CA8 /* RocketsFilterView.swift */; };
		D8DE1CBA281B9CA700F8EABE /* AepXDelegate.swift in Sources */ = {isa = PBXBuildFile; fileRef = D8DE1CB9281B9CA700F8EABE /* AepXDelegate.swift */; };
		D8DE1CC3281B9CA800F8EABE /* Assets.xcassets in Resources */ = {isa = PBXBuildFile; fileRef = D8DE1CC2281B9CA800F8EABE /* Assets.xcassets */; };
		D8DE1CD1281B9CFF00F8EABE /* AepX.swift in Sources */ = {isa = PBXBuildFile; fileRef = D8DE1CD0281B9CFF00F8EABE /* AepX.swift */; };
		D8EAAF2D28532DF7001AF7E7 /* YouTubeView.swift in Sources */ = {isa = PBXBuildFile; fileRef = D8EAAF2C28532DF7001AF7E7 /* YouTubeView.swift */; };
		D8EAAF2F28553F2E001AF7E7 /* LaunchFace.swift in Sources */ = {isa = PBXBuildFile; fileRef = D8EAAF2E28553F2E001AF7E7 /* LaunchFace.swift */; };
		D8EAAF3128553F3E001AF7E7 /* BoosterView.swift in Sources */ = {isa = PBXBuildFile; fileRef = D8EAAF3028553F3E001AF7E7 /* BoosterView.swift */; };
		D8EAAF382857EB58001AF7E7 /* AboutViewController.swift in Sources */ = {isa = PBXBuildFile; fileRef = D8EAAF372857EB58001AF7E7 /* AboutViewController.swift */; };
		D8EE378D2833C2BF007EAD22 /* LinkView.swift in Sources */ = {isa = PBXBuildFile; fileRef = D8EE378C2833C2BF007EAD22 /* LinkView.swift */; };
		D8EE37912838F01A007EAD22 /* RollView.swift in Sources */ = {isa = PBXBuildFile; fileRef = D8EE37902838F01A007EAD22 /* RollView.swift */; };
		D8EE3793283B5257007EAD22 /* OoviumFace.swift in Sources */ = {isa = PBXBuildFile; fileRef = D8EE3792283B5257007EAD22 /* OoviumFace.swift */; };
		D8EE3795283B5262007EAD22 /* AexelsFace.swift in Sources */ = {isa = PBXBuildFile; fileRef = D8EE3794283B5262007EAD22 /* AexelsFace.swift */; };
/* End PBXBuildFile section */

/* Begin PBXFileReference section */
		D801A3882844A2DE0074DD3F /* UIFont+AepX.swift */ = {isa = PBXFileReference; lastKnownFileType = sourcecode.swift; path = "UIFont+AepX.swift"; sourceTree = "<group>"; };
		D80BC30F2828B8190048C74F /* LaunchCore.swift */ = {isa = PBXFileReference; lastKnownFileType = sourcecode.swift; path = LaunchCore.swift; sourceTree = "<group>"; };
		D80BC3112828FED70048C74F /* PatchesView.swift */ = {isa = PBXFileReference; lastKnownFileType = sourcecode.swift; path = PatchesView.swift; sourceTree = "<group>"; };
		D80BC32F282A6EBD0048C74F /* ParaView.swift */ = {isa = PBXFileReference; lastKnownFileType = sourcecode.swift; path = ParaView.swift; sourceTree = "<group>"; };
		D80BC331282D378B0048C74F /* CountDownView.swift */ = {isa = PBXFileReference; lastKnownFileType = sourcecode.swift; path = CountDownView.swift; sourceTree = "<group>"; };
		D811DAE3283E253F00204205 /* AepX.entitlements */ = {isa = PBXFileReference; lastKnownFileType = text.plist.entitlements; path = AepX.entitlements; sourceTree = "<group>"; };
		D81490CE284D8BF70031A1FB /* ResultView.swift */ = {isa = PBXFileReference; lastKnownFileType = sourcecode.swift; path = ResultView.swift; sourceTree = "<group>"; };
		D84B5680285DA1D9008EAB34 /* Booster.swift */ = {isa = PBXFileReference; lastKnownFileType = sourcecode.swift; path = Booster.swift; sourceTree = "<group>"; };
		D84B5682285DA1E2008EAB34 /* Rocket.swift */ = {isa = PBXFileReference; lastKnownFileType = sourcecode.swift; path = Rocket.swift; sourceTree = "<group>"; };
		D84B5684285DAABF008EAB34 /* Result.swift */ = {isa = PBXFileReference; lastKnownFileType = sourcecode.swift; path = Result.swift; sourceTree = "<group>"; };
		D84E2D5B2851CD190063823A /* DoneButton.swift */ = {isa = PBXFileReference; lastKnownFileType = sourcecode.swift; path = DoneButton.swift; sourceTree = "<group>"; };
		D8551FFE28226D3B00A8D5E8 /* LaunchExpansion.swift */ = {isa = PBXFileReference; lastKnownFileType = sourcecode.swift; path = LaunchExpansion.swift; sourceTree = "<group>"; };
		D85520002823CE1200A8D5E8 /* RocketDetail.swift */ = {isa = PBXFileReference; lastKnownFileType = sourcecode.swift; path = RocketDetail.swift; sourceTree = "<group>"; };
		D85520022823CFB800A8D5E8 /* StatsFace.swift */ = {isa = PBXFileReference; lastKnownFileType = sourcecode.swift; path = StatsFace.swift; sourceTree = "<group>"; };
		D85520042823CFC200A8D5E8 /* YearsFace.swift */ = {isa = PBXFileReference; lastKnownFileType = sourcecode.swift; path = YearsFace.swift; sourceTree = "<group>"; };
		D85520082823CFEE00A8D5E8 /* CreditsFace.swift */ = {isa = PBXFileReference; lastKnownFileType = sourcecode.swift; path = CreditsFace.swift; sourceTree = "<group>"; };
		D8691739281BA14D00D550F2 /* SpaceX.swift */ = {isa = PBXFileReference; lastKnownFileType = sourcecode.swift; path = SpaceX.swift; sourceTree = "<group>"; };
		D869173B281BC70600D550F2 /* RootViewController.swift */ = {isa = PBXFileReference; lastKnownFileType = sourcecode.swift; path = RootViewController.swift; sourceTree = "<group>"; };
		D869173D281BC85E00D550F2 /* LaunchesViewController.swift */ = {isa = PBXFileReference; lastKnownFileType = sourcecode.swift; path = LaunchesViewController.swift; sourceTree = "<group>"; };
		D869173F281BC86B00D550F2 /* RocketsViewController.swift */ = {isa = PBXFileReference; lastKnownFileType = sourcecode.swift; path = RocketsViewController.swift; sourceTree = "<group>"; };
		D869174D281BECA600D550F2 /* Core.swift */ = {isa = PBXFileReference; lastKnownFileType = sourcecode.swift; path = Core.swift; sourceTree = "<group>"; };
		D8691752281C289000D550F2 /* RocketCell.swift */ = {isa = PBXFileReference; lastKnownFileType = sourcecode.swift; path = RocketCell.swift; sourceTree = "<group>"; };
		D8691754281C316900D550F2 /* Launch.swift */ = {isa = PBXFileReference; lastKnownFileType = sourcecode.swift; path = Launch.swift; sourceTree = "<group>"; };
		D8691756281C31DF00D550F2 /* LaunchCell.swift */ = {isa = PBXFileReference; lastKnownFileType = sourcecode.swift; path = LaunchCell.swift; sourceTree = "<group>"; };
		D8691759281E129000D550F2 /* HomeViewController.swift */ = {isa = PBXFileReference; lastKnownFileType = sourcecode.swift; path = HomeViewController.swift; sourceTree = "<group>"; };
		D869175D281E323C00D550F2 /* Card.swift */ = {isa = PBXFileReference; lastKnownFileType = sourcecode.swift; path = Card.swift; sourceTree = "<group>"; };
		D869176A281E4BA400D550F2 /* RocketViewController.swift */ = {isa = PBXFileReference; lastKnownFileType = sourcecode.swift; path = RocketViewController.swift; sourceTree = "<group>"; };
		D869176C281E997D00D550F2 /* RocketsController.swift */ = {isa = PBXFileReference; lastKnownFileType = sourcecode.swift; path = RocketsController.swift; sourceTree = "<group>"; };
		D8691770281EA06600D550F2 /* LaunchesController.swift */ = {isa = PBXFileReference; lastKnownFileType = sourcecode.swift; path = LaunchesController.swift; sourceTree = "<group>"; };
		D8691772281EA07200D550F2 /* RocketController.swift */ = {isa = PBXFileReference; lastKnownFileType = sourcecode.swift; path = RocketController.swift; sourceTree = "<group>"; };
		D8691774281EA0D300D550F2 /* HomeController.swift */ = {isa = PBXFileReference; lastKnownFileType = sourcecode.swift; path = HomeController.swift; sourceTree = "<group>"; };
		D8691780281F998A00D550F2 /* UIColor+AepX.swift */ = {isa = PBXFileReference; lastKnownFileType = sourcecode.swift; path = "UIColor+AepX.swift"; sourceTree = "<group>"; };
		D8B3467028271AFD003C794B /* BootPond.swift */ = {isa = PBXFileReference; lastKnownFileType = sourcecode.swift; path = BootPond.swift; sourceTree = "<group>"; };
		D8B3467428277798003C794B /* SpaceXData.swift */ = {isa = PBXFileReference; lastKnownFileType = sourcecode.swift; path = SpaceXData.swift; sourceTree = "<group>"; };
		D8C1FB32284449A0001B678C /* LaunchesFooterCell.swift */ = {isa = PBXFileReference; lastKnownFileType = sourcecode.swift; path = LaunchesFooterCell.swift; sourceTree = "<group>"; };
		D8C1FB34284449B0001B678C /* RocketsFooterCell.swift */ = {isa = PBXFileReference; lastKnownFileType = sourcecode.swift; path = RocketsFooterCell.swift; sourceTree = "<group>"; };
		D8CA3B682830DE17009E0CA8 /* LaunchesFilterView.swift */ = {isa = PBXFileReference; lastKnownFileType = sourcecode.swift; path = LaunchesFilterView.swift; sourceTree = "<group>"; };
		D8CA3B6A2830DE2C009E0CA8 /* RocketsFilterView.swift */ = {isa = PBXFileReference; lastKnownFileType = sourcecode.swift; path = RocketsFilterView.swift; sourceTree = "<group>"; };
		D8DE1CB6281B9CA700F8EABE /* AepX.app */ = {isa = PBXFileReference; explicitFileType = wrapper.application; includeInIndex = 0; path = AepX.app; sourceTree = BUILT_PRODUCTS_DIR; };
		D8DE1CB9281B9CA700F8EABE /* AepXDelegate.swift */ = {isa = PBXFileReference; lastKnownFileType = sourcecode.swift; path = AepXDelegate.swift; sourceTree = "<group>"; };
		D8DE1CC2281B9CA800F8EABE /* Assets.xcassets */ = {isa = PBXFileReference; lastKnownFileType = folder.assetcatalog; path = Assets.xcassets; sourceTree = "<group>"; };
		D8DE1CC7281B9CA800F8EABE /* Info.plist */ = {isa = PBXFileReference; lastKnownFileType = text.plist.xml; path = Info.plist; sourceTree = "<group>"; };
		D8DE1CD0281B9CFF00F8EABE /* AepX.swift */ = {isa = PBXFileReference; lastKnownFileType = sourcecode.swift; path = AepX.swift; sourceTree = "<group>"; };
		D8EAAF2C28532DF7001AF7E7 /* YouTubeView.swift */ = {isa = PBXFileReference; lastKnownFileType = sourcecode.swift; path = YouTubeView.swift; sourceTree = "<group>"; };
		D8EAAF2E28553F2E001AF7E7 /* LaunchFace.swift */ = {isa = PBXFileReference; lastKnownFileType = sourcecode.swift; path = LaunchFace.swift; sourceTree = "<group>"; };
		D8EAAF3028553F3E001AF7E7 /* BoosterView.swift */ = {isa = PBXFileReference; lastKnownFileType = sourcecode.swift; path = BoosterView.swift; sourceTree = "<group>"; };
		D8EAAF372857EB58001AF7E7 /* AboutViewController.swift */ = {isa = PBXFileReference; lastKnownFileType = sourcecode.swift; path = AboutViewController.swift; sourceTree = "<group>"; };
		D8EE378C2833C2BF007EAD22 /* LinkView.swift */ = {isa = PBXFileReference; lastKnownFileType = sourcecode.swift; path = LinkView.swift; sourceTree = "<group>"; };
		D8EE37902838F01A007EAD22 /* RollView.swift */ = {isa = PBXFileReference; lastKnownFileType = sourcecode.swift; path = RollView.swift; sourceTree = "<group>"; };
		D8EE3792283B5257007EAD22 /* OoviumFace.swift */ = {isa = PBXFileReference; lastKnownFileType = sourcecode.swift; path = OoviumFace.swift; sourceTree = "<group>"; };
		D8EE3794283B5262007EAD22 /* AexelsFace.swift */ = {isa = PBXFileReference; lastKnownFileType = sourcecode.swift; path = AexelsFace.swift; sourceTree = "<group>"; };
/* End PBXFileReference section */

/* Begin PBXFrameworksBuildPhase section */
		D8DE1CB3281B9CA700F8EABE /* Frameworks */ = {
			isa = PBXFrameworksBuildPhase;
			buildActionMask = 2147483647;
			files = (
				D8691737281BA05000D550F2 /* Acheron in Frameworks */,
				D869177E281F4A5500D550F2 /* YouTubeiOSPlayerHelper in Frameworks */,
			);
			runOnlyForDeploymentPostprocessing = 0;
		};
/* End PBXFrameworksBuildPhase section */

/* Begin PBXGroup section */
		D80BC333282D37950048C74F /* Views */ = {
			isa = PBXGroup;
			children = (
				D80BC331282D378B0048C74F /* CountDownView.swift */,
				D8EE37902838F01A007EAD22 /* RollView.swift */,
			);
			path = Views;
			sourceTree = "<group>";
		};
		D84B567F285DA1CC008EAB34 /* Enums */ = {
			isa = PBXGroup;
			children = (
				D84B5680285DA1D9008EAB34 /* Booster.swift */,
				D84B5684285DAABF008EAB34 /* Result.swift */,
				D84B5682285DA1E2008EAB34 /* Rocket.swift */,
			);
			path = Enums;
			sourceTree = "<group>";
		};
		D8691738281BA13600D550F2 /* Network */ = {
			isa = PBXGroup;
			children = (
				D8B3467428277798003C794B /* SpaceXData.swift */,
				D8691739281BA14D00D550F2 /* SpaceX.swift */,
			);
			path = Network;
			sourceTree = "<group>";
		};
		D869174F281C286500D550F2 /* Boosters */ = {
			isa = PBXGroup;
			children = (
				D8CA3B6A2830DE2C009E0CA8 /* RocketsFilterView.swift */,
				D8691752281C289000D550F2 /* RocketCell.swift */,
				D8C1FB34284449B0001B678C /* RocketsFooterCell.swift */,
				D869176C281E997D00D550F2 /* RocketsController.swift */,
				D869173F281BC86B00D550F2 /* RocketsViewController.swift */,
			);
			path = Boosters;
			sourceTree = "<group>";
		};
		D8691750281C286C00D550F2 /* Launches */ = {
			isa = PBXGroup;
			children = (
				D8CA3B682830DE17009E0CA8 /* LaunchesFilterView.swift */,
				D80BC32F282A6EBD0048C74F /* ParaView.swift */,
				D8551FFE28226D3B00A8D5E8 /* LaunchExpansion.swift */,
				D8691756281C31DF00D550F2 /* LaunchCell.swift */,
				D8C1FB32284449A0001B678C /* LaunchesFooterCell.swift */,
				D8691770281EA06600D550F2 /* LaunchesController.swift */,
				D869173D281BC85E00D550F2 /* LaunchesViewController.swift */,
			);
			path = Launches;
			sourceTree = "<group>";
		};
		D8691751281C287800D550F2 /* Root */ = {
			isa = PBXGroup;
			children = (
				D869173B281BC70600D550F2 /* RootViewController.swift */,
			);
			path = Root;
			sourceTree = "<group>";
		};
		D8691758281E127E00D550F2 /* Home */ = {
			isa = PBXGroup;
			children = (
				D8691761281E327300D550F2 /* Cards */,
				D8691774281EA0D300D550F2 /* HomeController.swift */,
				D8691759281E129000D550F2 /* HomeViewController.swift */,
			);
			path = Home;
			sourceTree = "<group>";
		};
		D8691761281E327300D550F2 /* Cards */ = {
			isa = PBXGroup;
			children = (
				D80BC333282D37950048C74F /* Views */,
				D869175D281E323C00D550F2 /* Card.swift */,
				D8EAAF2E28553F2E001AF7E7 /* LaunchFace.swift */,
				D85520022823CFB800A8D5E8 /* StatsFace.swift */,
				D85520042823CFC200A8D5E8 /* YearsFace.swift */,
				D85520082823CFEE00A8D5E8 /* CreditsFace.swift */,
				D8EE3792283B5257007EAD22 /* OoviumFace.swift */,
				D8EE3794283B5262007EAD22 /* AexelsFace.swift */,
			);
			path = Cards;
			sourceTree = "<group>";
		};
		D8691767281E4B7500D550F2 /* Rocket */ = {
			isa = PBXGroup;
			children = (
				D85520002823CE1200A8D5E8 /* RocketDetail.swift */,
				D8691772281EA07200D550F2 /* RocketController.swift */,
				D869176A281E4BA400D550F2 /* RocketViewController.swift */,
			);
			path = Rocket;
			sourceTree = "<group>";
		};
		D869177F281F997600D550F2 /* Extensions */ = {
			isa = PBXGroup;
			children = (
				D8691780281F998A00D550F2 /* UIColor+AepX.swift */,
				D801A3882844A2DE0074DD3F /* UIFont+AepX.swift */,
			);
			path = Extensions;
			sourceTree = "<group>";
		};
		D8DE1CAD281B9CA700F8EABE = {
			isa = PBXGroup;
			children = (
				D8DE1CB8281B9CA700F8EABE /* AepX */,
				D8DE1CB7281B9CA700F8EABE /* Products */,
			);
			sourceTree = "<group>";
		};
		D8DE1CB7281B9CA700F8EABE /* Products */ = {
			isa = PBXGroup;
			children = (
				D8DE1CB6281B9CA700F8EABE /* AepX.app */,
			);
			name = Products;
			sourceTree = "<group>";
		};
		D8DE1CB8281B9CA700F8EABE /* AepX */ = {
			isa = PBXGroup;
			children = (
				D869177F281F997600D550F2 /* Extensions */,
				D8691738281BA13600D550F2 /* Network */,
				D8DE1CD2281B9D5F00F8EABE /* Domain */,
				D8DE1CCD281B9CD700F8EABE /* Interface */,
				D8DE1CCE281B9CDD00F8EABE /* Global */,
				D8DE1CCF281B9CE700F8EABE /* Resources */,
			);
			path = AepX;
			sourceTree = "<group>";
		};
		D8DE1CCD281B9CD700F8EABE /* Interface */ = {
			isa = PBXGroup;
			children = (
				D8EE378B2833C2A5007EAD22 /* Shared */,
				D8691751281C287800D550F2 /* Root */,
				D8691758281E127E00D550F2 /* Home */,
				D8691750281C286C00D550F2 /* Launches */,
				D869174F281C286500D550F2 /* Boosters */,
				D8EAAF362857EB37001AF7E7 /* About */,
				D8691767281E4B7500D550F2 /* Rocket */,
			);
			path = Interface;
			sourceTree = "<group>";
		};
		D8DE1CCE281B9CDD00F8EABE /* Global */ = {
			isa = PBXGroup;
			children = (
				D8DE1CB9281B9CA700F8EABE /* AepXDelegate.swift */,
				D8B3467028271AFD003C794B /* BootPond.swift */,
				D8DE1CD0281B9CFF00F8EABE /* AepX.swift */,
			);
			path = Global;
			sourceTree = "<group>";
		};
		D8DE1CCF281B9CE700F8EABE /* Resources */ = {
			isa = PBXGroup;
			children = (
				D8DE1CC7281B9CA800F8EABE /* Info.plist */,
				D8DE1CC2281B9CA800F8EABE /* Assets.xcassets */,
				D811DAE3283E253F00204205 /* AepX.entitlements */,
			);
			path = Resources;
			sourceTree = "<group>";
		};
		D8DE1CD2281B9D5F00F8EABE /* Domain */ = {
			isa = PBXGroup;
			children = (
				D84B567F285DA1CC008EAB34 /* Enums */,
				D869174D281BECA600D550F2 /* Core.swift */,
				D8691754281C316900D550F2 /* Launch.swift */,
				D80BC30F2828B8190048C74F /* LaunchCore.swift */,
			);
			path = Domain;
			sourceTree = "<group>";
		};
		D8EAAF362857EB37001AF7E7 /* About */ = {
			isa = PBXGroup;
			children = (
				D8EAAF372857EB58001AF7E7 /* AboutViewController.swift */,
			);
			path = About;
			sourceTree = "<group>";
		};
		D8EE378B2833C2A5007EAD22 /* Shared */ = {
			isa = PBXGroup;
			children = (
				D8EAAF3028553F3E001AF7E7 /* BoosterView.swift */,
				D84E2D5B2851CD190063823A /* DoneButton.swift */,
				D8EE378C2833C2BF007EAD22 /* LinkView.swift */,
				D80BC3112828FED70048C74F /* PatchesView.swift */,
				D81490CE284D8BF70031A1FB /* ResultView.swift */,
				D8EAAF2C28532DF7001AF7E7 /* YouTubeView.swift */,
			);
			path = Shared;
			sourceTree = "<group>";
		};
/* End PBXGroup section */

/* Begin PBXNativeTarget section */
		D8DE1CB5281B9CA700F8EABE /* AepX */ = {
			isa = PBXNativeTarget;
			buildConfigurationList = D8DE1CCA281B9CA800F8EABE /* Build configuration list for PBXNativeTarget "AepX" */;
			buildPhases = (
				D8DE1CB2281B9CA700F8EABE /* Sources */,
				D8DE1CB3281B9CA700F8EABE /* Frameworks */,
				D8DE1CB4281B9CA700F8EABE /* Resources */,
			);
			buildRules = (
			);
			dependencies = (
			);
			name = AepX;
			packageProductDependencies = (
				D8691736281BA05000D550F2 /* Acheron */,
				D869177D281F4A5500D550F2 /* YouTubeiOSPlayerHelper */,
			);
			productName = AepX;
			productReference = D8DE1CB6281B9CA700F8EABE /* AepX.app */;
			productType = "com.apple.product-type.application";
		};
/* End PBXNativeTarget section */

/* Begin PBXProject section */
		D8DE1CAE281B9CA700F8EABE /* Project object */ = {
			isa = PBXProject;
			attributes = {
				BuildIndependentTargetsInParallel = 1;
				LastSwiftUpdateCheck = 1330;
				LastUpgradeCheck = 1330;
				ORGANIZATIONNAME = "Aepryus Software";
				TargetAttributes = {
					D8DE1CB5281B9CA700F8EABE = {
						CreatedOnToolsVersion = 13.3.1;
					};
				};
			};
			buildConfigurationList = D8DE1CB1281B9CA700F8EABE /* Build configuration list for PBXProject "AepX" */;
			compatibilityVersion = "Xcode 13.0";
			developmentRegion = en;
			hasScannedForEncodings = 0;
			knownRegions = (
				en,
				Base,
			);
			mainGroup = D8DE1CAD281B9CA700F8EABE;
			packageReferences = (
				D8691735281BA05000D550F2 /* XCRemoteSwiftPackageReference "Acheron" */,
				D869177C281F4A5500D550F2 /* XCRemoteSwiftPackageReference "youtube-ios-player-helper" */,
			);
			productRefGroup = D8DE1CB7281B9CA700F8EABE /* Products */;
			projectDirPath = "";
			projectRoot = "";
			targets = (
				D8DE1CB5281B9CA700F8EABE /* AepX */,
			);
		};
/* End PBXProject section */

/* Begin PBXResourcesBuildPhase section */
		D8DE1CB4281B9CA700F8EABE /* Resources */ = {
			isa = PBXResourcesBuildPhase;
			buildActionMask = 2147483647;
			files = (
				D8DE1CC3281B9CA800F8EABE /* Assets.xcassets in Resources */,
			);
			runOnlyForDeploymentPostprocessing = 0;
		};
/* End PBXResourcesBuildPhase section */

/* Begin PBXSourcesBuildPhase section */
		D8DE1CB2281B9CA700F8EABE /* Sources */ = {
			isa = PBXSourcesBuildPhase;
			buildActionMask = 2147483647;
			files = (
				D8551FFF28226D3B00A8D5E8 /* LaunchExpansion.swift in Sources */,
				D8EAAF2D28532DF7001AF7E7 /* YouTubeView.swift in Sources */,
				D80BC3102828B8190048C74F /* LaunchCore.swift in Sources */,
				D8EAAF382857EB58001AF7E7 /* AboutViewController.swift in Sources */,
				D869173C281BC70600D550F2 /* RootViewController.swift in Sources */,
				D8691775281EA0D300D550F2 /* HomeController.swift in Sources */,
				D8EE3793283B5257007EAD22 /* OoviumFace.swift in Sources */,
				D8CA3B692830DE17009E0CA8 /* LaunchesFilterView.swift in Sources */,
				D8EE37912838F01A007EAD22 /* RollView.swift in Sources */,
				D869176D281E997D00D550F2 /* RocketsController.swift in Sources */,
				D8CA3B6B2830DE2C009E0CA8 /* RocketsFilterView.swift in Sources */,
				D8B3467528277798003C794B /* SpaceXData.swift in Sources */,
				D8EAAF2F28553F2E001AF7E7 /* LaunchFace.swift in Sources */,
				D85520092823CFEE00A8D5E8 /* CreditsFace.swift in Sources */,
				D8C1FB35284449B0001B678C /* RocketsFooterCell.swift in Sources */,
				D8EAAF3128553F3E001AF7E7 /* BoosterView.swift in Sources */,
				D8691755281C316900D550F2 /* Launch.swift in Sources */,
				D80BC330282A6EBD0048C74F /* ParaView.swift in Sources */,
				D869173E281BC85E00D550F2 /* LaunchesViewController.swift in Sources */,
				D81490CF284D8BF70031A1FB /* ResultView.swift in Sources */,
				D85520052823CFC200A8D5E8 /* YearsFace.swift in Sources */,
				D85520032823CFB800A8D5E8 /* StatsFace.swift in Sources */,
				D8691771281EA06600D550F2 /* LaunchesController.swift in Sources */,
				D85520012823CE1200A8D5E8 /* RocketDetail.swift in Sources */,
				D80BC3122828FED70048C74F /* PatchesView.swift in Sources */,
				D84B5683285DA1E2008EAB34 /* Rocket.swift in Sources */,
				D869173A281BA14D00D550F2 /* SpaceX.swift in Sources */,
				D8691753281C289000D550F2 /* RocketCell.swift in Sources */,
				D8C1FB33284449A0001B678C /* LaunchesFooterCell.swift in Sources */,
				D8691781281F998A00D550F2 /* UIColor+AepX.swift in Sources */,
				D869174E281BECA600D550F2 /* Core.swift in Sources */,
				D8691773281EA07200D550F2 /* RocketController.swift in Sources */,
				D8DE1CBA281B9CA700F8EABE /* AepXDelegate.swift in Sources */,
				D8EE378D2833C2BF007EAD22 /* LinkView.swift in Sources */,
				D84B5681285DA1D9008EAB34 /* Booster.swift in Sources */,
				D869175E281E323C00D550F2 /* Card.swift in Sources */,
				D869175A281E129000D550F2 /* HomeViewController.swift in Sources */,
				D84B5685285DAABF008EAB34 /* Result.swift in Sources */,
				D8EE3795283B5262007EAD22 /* AexelsFace.swift in Sources */,
				D801A3892844A2DE0074DD3F /* UIFont+AepX.swift in Sources */,
				D869176B281E4BA400D550F2 /* RocketViewController.swift in Sources */,
				D8691740281BC86B00D550F2 /* RocketsViewController.swift in Sources */,
				D8691757281C31DF00D550F2 /* LaunchCell.swift in Sources */,
				D8B3467128271AFD003C794B /* BootPond.swift in Sources */,
				D8DE1CD1281B9CFF00F8EABE /* AepX.swift in Sources */,
				D80BC332282D378C0048C74F /* CountDownView.swift in Sources */,
				D84E2D5C2851CD190063823A /* DoneButton.swift in Sources */,
			);
			runOnlyForDeploymentPostprocessing = 0;
		};
/* End PBXSourcesBuildPhase section */

/* Begin XCBuildConfiguration section */
		D8DE1CC8281B9CA800F8EABE /* Debug */ = {
			isa = XCBuildConfiguration;
			buildSettings = {
				ALWAYS_SEARCH_USER_PATHS = NO;
				CLANG_ANALYZER_NONNULL = YES;
				CLANG_ANALYZER_NUMBER_OBJECT_CONVERSION = YES_AGGRESSIVE;
				CLANG_CXX_LANGUAGE_STANDARD = "gnu++17";
				CLANG_ENABLE_MODULES = YES;
				CLANG_ENABLE_OBJC_ARC = YES;
				CLANG_ENABLE_OBJC_WEAK = YES;
				CLANG_WARN_BLOCK_CAPTURE_AUTORELEASING = YES;
				CLANG_WARN_BOOL_CONVERSION = YES;
				CLANG_WARN_COMMA = YES;
				CLANG_WARN_CONSTANT_CONVERSION = YES;
				CLANG_WARN_DEPRECATED_OBJC_IMPLEMENTATIONS = YES;
				CLANG_WARN_DIRECT_OBJC_ISA_USAGE = YES_ERROR;
				CLANG_WARN_DOCUMENTATION_COMMENTS = YES;
				CLANG_WARN_EMPTY_BODY = YES;
				CLANG_WARN_ENUM_CONVERSION = YES;
				CLANG_WARN_INFINITE_RECURSION = YES;
				CLANG_WARN_INT_CONVERSION = YES;
				CLANG_WARN_NON_LITERAL_NULL_CONVERSION = YES;
				CLANG_WARN_OBJC_IMPLICIT_RETAIN_SELF = YES;
				CLANG_WARN_OBJC_LITERAL_CONVERSION = YES;
				CLANG_WARN_OBJC_ROOT_CLASS = YES_ERROR;
				CLANG_WARN_QUOTED_INCLUDE_IN_FRAMEWORK_HEADER = YES;
				CLANG_WARN_RANGE_LOOP_ANALYSIS = YES;
				CLANG_WARN_STRICT_PROTOTYPES = YES;
				CLANG_WARN_SUSPICIOUS_MOVE = YES;
				CLANG_WARN_UNGUARDED_AVAILABILITY = YES_AGGRESSIVE;
				CLANG_WARN_UNREACHABLE_CODE = YES;
				CLANG_WARN__DUPLICATE_METHOD_MATCH = YES;
				COPY_PHASE_STRIP = NO;
				DEBUG_INFORMATION_FORMAT = dwarf;
				ENABLE_STRICT_OBJC_MSGSEND = YES;
				ENABLE_TESTABILITY = YES;
				GCC_C_LANGUAGE_STANDARD = gnu11;
				GCC_DYNAMIC_NO_PIC = NO;
				GCC_NO_COMMON_BLOCKS = YES;
				GCC_OPTIMIZATION_LEVEL = 0;
				GCC_PREPROCESSOR_DEFINITIONS = (
					"DEBUG=1",
					"$(inherited)",
				);
				GCC_WARN_64_TO_32_BIT_CONVERSION = YES;
				GCC_WARN_ABOUT_RETURN_TYPE = YES_ERROR;
				GCC_WARN_UNDECLARED_SELECTOR = YES;
				GCC_WARN_UNINITIALIZED_AUTOS = YES_AGGRESSIVE;
				GCC_WARN_UNUSED_FUNCTION = YES;
				GCC_WARN_UNUSED_VARIABLE = YES;
				IPHONEOS_DEPLOYMENT_TARGET = 15.4;
				MTL_ENABLE_DEBUG_INFO = INCLUDE_SOURCE;
				MTL_FAST_MATH = YES;
				ONLY_ACTIVE_ARCH = YES;
				SDKROOT = iphoneos;
				SWIFT_ACTIVE_COMPILATION_CONDITIONS = DEBUG;
				SWIFT_OPTIMIZATION_LEVEL = "-Onone";
			};
			name = Debug;
		};
		D8DE1CC9281B9CA800F8EABE /* Release */ = {
			isa = XCBuildConfiguration;
			buildSettings = {
				ALWAYS_SEARCH_USER_PATHS = NO;
				CLANG_ANALYZER_NONNULL = YES;
				CLANG_ANALYZER_NUMBER_OBJECT_CONVERSION = YES_AGGRESSIVE;
				CLANG_CXX_LANGUAGE_STANDARD = "gnu++17";
				CLANG_ENABLE_MODULES = YES;
				CLANG_ENABLE_OBJC_ARC = YES;
				CLANG_ENABLE_OBJC_WEAK = YES;
				CLANG_WARN_BLOCK_CAPTURE_AUTORELEASING = YES;
				CLANG_WARN_BOOL_CONVERSION = YES;
				CLANG_WARN_COMMA = YES;
				CLANG_WARN_CONSTANT_CONVERSION = YES;
				CLANG_WARN_DEPRECATED_OBJC_IMPLEMENTATIONS = YES;
				CLANG_WARN_DIRECT_OBJC_ISA_USAGE = YES_ERROR;
				CLANG_WARN_DOCUMENTATION_COMMENTS = YES;
				CLANG_WARN_EMPTY_BODY = YES;
				CLANG_WARN_ENUM_CONVERSION = YES;
				CLANG_WARN_INFINITE_RECURSION = YES;
				CLANG_WARN_INT_CONVERSION = YES;
				CLANG_WARN_NON_LITERAL_NULL_CONVERSION = YES;
				CLANG_WARN_OBJC_IMPLICIT_RETAIN_SELF = YES;
				CLANG_WARN_OBJC_LITERAL_CONVERSION = YES;
				CLANG_WARN_OBJC_ROOT_CLASS = YES_ERROR;
				CLANG_WARN_QUOTED_INCLUDE_IN_FRAMEWORK_HEADER = YES;
				CLANG_WARN_RANGE_LOOP_ANALYSIS = YES;
				CLANG_WARN_STRICT_PROTOTYPES = YES;
				CLANG_WARN_SUSPICIOUS_MOVE = YES;
				CLANG_WARN_UNGUARDED_AVAILABILITY = YES_AGGRESSIVE;
				CLANG_WARN_UNREACHABLE_CODE = YES;
				CLANG_WARN__DUPLICATE_METHOD_MATCH = YES;
				COPY_PHASE_STRIP = NO;
				DEBUG_INFORMATION_FORMAT = "dwarf-with-dsym";
				ENABLE_NS_ASSERTIONS = NO;
				ENABLE_STRICT_OBJC_MSGSEND = YES;
				GCC_C_LANGUAGE_STANDARD = gnu11;
				GCC_NO_COMMON_BLOCKS = YES;
				GCC_WARN_64_TO_32_BIT_CONVERSION = YES;
				GCC_WARN_ABOUT_RETURN_TYPE = YES_ERROR;
				GCC_WARN_UNDECLARED_SELECTOR = YES;
				GCC_WARN_UNINITIALIZED_AUTOS = YES_AGGRESSIVE;
				GCC_WARN_UNUSED_FUNCTION = YES;
				GCC_WARN_UNUSED_VARIABLE = YES;
				IPHONEOS_DEPLOYMENT_TARGET = 15.4;
				MTL_ENABLE_DEBUG_INFO = NO;
				MTL_FAST_MATH = YES;
				SDKROOT = iphoneos;
				SWIFT_COMPILATION_MODE = wholemodule;
				SWIFT_OPTIMIZATION_LEVEL = "-O";
				VALIDATE_PRODUCT = YES;
			};
			name = Release;
		};
		D8DE1CCB281B9CA800F8EABE /* Debug */ = {
			isa = XCBuildConfiguration;
			buildSettings = {
				ASSETCATALOG_COMPILER_APPICON_NAME = AppIcon;
				ASSETCATALOG_COMPILER_GLOBAL_ACCENT_COLOR_NAME = AccentColor;
				CODE_SIGN_ENTITLEMENTS = AepX/Resources/AepX.entitlements;
				CODE_SIGN_STYLE = Automatic;
				CURRENT_PROJECT_VERSION = 2;
				DEVELOPMENT_TEAM = Z6PFG8RC6V;
				GENERATE_INFOPLIST_FILE = YES;
				INFOPLIST_FILE = AepX/Resources/Info.plist;
				INFOPLIST_KEY_LSApplicationCategoryType = "public.app-category.reference";
				INFOPLIST_KEY_UIApplicationSupportsIndirectInputEvents = YES;
				INFOPLIST_KEY_UISupportedInterfaceOrientations_iPad = "UIInterfaceOrientationPortrait UIInterfaceOrientationPortraitUpsideDown UIInterfaceOrientationLandscapeLeft UIInterfaceOrientationLandscapeRight";
				INFOPLIST_KEY_UISupportedInterfaceOrientations_iPhone = "UIInterfaceOrientationPortrait UIInterfaceOrientationLandscapeLeft UIInterfaceOrientationLandscapeRight";
				LD_RUNPATH_SEARCH_PATHS = (
					"$(inherited)",
					"@executable_path/Frameworks",
				);
				MARKETING_VERSION = 1.1;
				PRODUCT_BUNDLE_IDENTIFIER = com.aepryus.AepX;
				PRODUCT_NAME = "$(TARGET_NAME)";
				SUPPORTS_MACCATALYST = YES;
				SUPPORTS_MAC_DESIGNED_FOR_IPHONE_IPAD = NO;
				SWIFT_EMIT_LOC_STRINGS = YES;
				SWIFT_VERSION = 5.0;
				TARGETED_DEVICE_FAMILY = "1,2";
			};
			name = Debug;
		};
		D8DE1CCC281B9CA800F8EABE /* Release */ = {
			isa = XCBuildConfiguration;
			buildSettings = {
				ASSETCATALOG_COMPILER_APPICON_NAME = AppIcon;
				ASSETCATALOG_COMPILER_GLOBAL_ACCENT_COLOR_NAME = AccentColor;
				CODE_SIGN_ENTITLEMENTS = AepX/Resources/AepX.entitlements;
				CODE_SIGN_STYLE = Automatic;
				CURRENT_PROJECT_VERSION = 2;
				DEVELOPMENT_TEAM = Z6PFG8RC6V;
				GENERATE_INFOPLIST_FILE = YES;
				INFOPLIST_FILE = AepX/Resources/Info.plist;
				INFOPLIST_KEY_LSApplicationCategoryType = "public.app-category.reference";
				INFOPLIST_KEY_UIApplicationSupportsIndirectInputEvents = YES;
				INFOPLIST_KEY_UISupportedInterfaceOrientations_iPad = "UIInterfaceOrientationPortrait UIInterfaceOrientationPortraitUpsideDown UIInterfaceOrientationLandscapeLeft UIInterfaceOrientationLandscapeRight";
				INFOPLIST_KEY_UISupportedInterfaceOrientations_iPhone = "UIInterfaceOrientationPortrait UIInterfaceOrientationLandscapeLeft UIInterfaceOrientationLandscapeRight";
				LD_RUNPATH_SEARCH_PATHS = (
					"$(inherited)",
					"@executable_path/Frameworks",
				);
				MARKETING_VERSION = 1.1;
				PRODUCT_BUNDLE_IDENTIFIER = com.aepryus.AepX;
				PRODUCT_NAME = "$(TARGET_NAME)";
				SUPPORTS_MACCATALYST = YES;
				SUPPORTS_MAC_DESIGNED_FOR_IPHONE_IPAD = NO;
				SWIFT_EMIT_LOC_STRINGS = YES;
				SWIFT_VERSION = 5.0;
				TARGETED_DEVICE_FAMILY = "1,2";
			};
			name = Release;
		};
/* End XCBuildConfiguration section */

/* Begin XCConfigurationList section */
		D8DE1CB1281B9CA700F8EABE /* Build configuration list for PBXProject "AepX" */ = {
			isa = XCConfigurationList;
			buildConfigurations = (
				D8DE1CC8281B9CA800F8EABE /* Debug */,
				D8DE1CC9281B9CA800F8EABE /* Release */,
			);
			defaultConfigurationIsVisible = 0;
			defaultConfigurationName = Release;
		};
		D8DE1CCA281B9CA800F8EABE /* Build configuration list for PBXNativeTarget "AepX" */ = {
			isa = XCConfigurationList;
			buildConfigurations = (
				D8DE1CCB281B9CA800F8EABE /* Debug */,
				D8DE1CCC281B9CA800F8EABE /* Release */,
			);
			defaultConfigurationIsVisible = 0;
			defaultConfigurationName = Release;
		};
/* End XCConfigurationList section */

/* Begin XCRemoteSwiftPackageReference section */
		D8691735281BA05000D550F2 /* XCRemoteSwiftPackageReference "Acheron" */ = {
			isa = XCRemoteSwiftPackageReference;
			repositoryURL = "https://github.com/aepryus/Acheron.git";
			requirement = {
				branch = master;
				kind = branch;
			};
		};
		D869177C281F4A5500D550F2 /* XCRemoteSwiftPackageReference "youtube-ios-player-helper" */ = {
			isa = XCRemoteSwiftPackageReference;
			repositoryURL = "https://github.com/youtube/youtube-ios-player-helper.git";
			requirement = {
				kind = upToNextMajorVersion;
				minimumVersion = 1.0.4;
			};
		};
/* End XCRemoteSwiftPackageReference section */

/* Begin XCSwiftPackageProductDependency section */
		D8691736281BA05000D550F2 /* Acheron */ = {
			isa = XCSwiftPackageProductDependency;
			package = D8691735281BA05000D550F2 /* XCRemoteSwiftPackageReference "Acheron" */;
			productName = Acheron;
		};
		D869177D281F4A5500D550F2 /* YouTubeiOSPlayerHelper */ = {
			isa = XCSwiftPackageProductDependency;
			package = D869177C281F4A5500D550F2 /* XCRemoteSwiftPackageReference "youtube-ios-player-helper" */;
			productName = YouTubeiOSPlayerHelper;
		};
/* End XCSwiftPackageProductDependency section */
	};
	rootObject = D8DE1CAE281B9CA700F8EABE /* Project object */;
}
